
Microsoft Visual Studio Solution File, Format Version 12.00
# Visual Studio Version 16
VisualStudioVersion = 16.0.31205.134
MinimumVisualStudioVersion = 10.0.40219.1
Project("{9A19103F-16F7-4668-BE54-9A1E7A4F7556}") = "AuthClient", "AuthClient.csproj", "{1EB15B2E-AABE-4127-897C-FB24815C1CE1}"
EndProject
Project("{9A19103F-16F7-4668-BE54-9A1E7A4F7556}") = "CrossUtility", "..\..\CrossUtility\src\CrossUtility.csproj", "{F8347357-E032-4E65-AFDB-97309E27B5D8}"
EndProject
Global
	GlobalSection(SolutionConfigurationPlatforms) = preSolution
		Debug|Any CPU = Debug|Any CPU
		Release|Any CPU = Release|Any CPU
	EndGlobalSection
	GlobalSection(ProjectConfigurationPlatforms) = postSolution
		{1EB15B2E-AABE-4127-897C-FB24815C1CE1}.Debug|Any CPU.ActiveCfg = Debug|Any CPU
		{1EB15B2E-AABE-4127-897C-FB24815C1CE1}.Debug|Any CPU.Build.0 = Debug|Any CPU
		{1EB15B2E-AABE-4127-897C-FB24815C1CE1}.Release|Any CPU.ActiveCfg = Release|Any CPU
		{1EB15B2E-AABE-4127-897C-FB24815C1CE1}.Release|Any CPU.Build.0 = Release|Any CPU
		{F8347357-E032-4E65-AFDB-97309E27B5D8}.Debug|Any CPU.ActiveCfg = Debug|Any CPU
		{F8347357-E032-4E65-AFDB-97309E27B5D8}.Debug|Any CPU.Build.0 = Debug|Any CPU
		{F8347357-E032-4E65-AFDB-97309E27B5D8}.Release|Any CPU.ActiveCfg = Release|Any CPU
		{F8347357-E032-4E65-AFDB-97309E27B5D8}.Release|Any CPU.Build.0 = Release|Any CPU
	EndGlobalSection
	GlobalSection(SolutionProperties) = preSolution
		HideSolutionNode = FALSE
	EndGlobalSection
	GlobalSection(ExtensibilityGlobals) = postSolution
		SolutionGuid = {984EAAE2-47BA-42C0-BBA6-AB1531CA1160}
	EndGlobalSection
EndGlobal
